
Microsoft Visual Studio Solution File, Format Version 12.00
# Visual Studio Version 16
VisualStudioVersion = 16.0.30128.74
MinimumVisualStudioVersion = 10.0.40219.1
Project("{FAE04EC0-301F-11D3-BF4B-00C04F79EFBC}") = "Csharp-mime-type-exception-list", "Csharp-mime-type-exception-list.csproj", "{B2E421C6-FF05-43F2-A784-6497C18883A1}"
EndProject
Global
	GlobalSection(SolutionConfigurationPlatforms) = preSolution
		Debug|Any CPU = Debug|Any CPU
		Release|Any CPU = Release|Any CPU
	EndGlobalSection
	GlobalSection(ProjectConfigurationPlatforms) = postSolution
		{B2E421C6-FF05-43F2-A784-6497C18883A1}.Debug|Any CPU.ActiveCfg = Debug|Any CPU
		{B2E421C6-FF05-43F2-A784-6497C18883A1}.Debug|Any CPU.Build.0 = Debug|Any CPU
		{B2E421C6-FF05-43F2-A784-6497C18883A1}.Release|Any CPU.ActiveCfg = Release|Any CPU
		{B2E421C6-FF05-43F2-A784-6497C18883A1}.Release|Any CPU.Build.0 = Release|Any CPU
	EndGlobalSection
	GlobalSection(SolutionProperties) = preSolution
		HideSolutionNode = FALSE
	EndGlobalSection
	GlobalSection(ExtensibilityGlobals) = postSolution
		SolutionGuid = {FA24B749-17AA-4515-B950-2F1F396E1CBF}
	EndGlobalSection
EndGlobal
